
Microsoft Visual Studio Solution File, Format Version 12.00
# Visual Studio Version 16
VisualStudioVersion = 16.0.30717.126
MinimumVisualStudioVersion = 10.0.40219.1
Project("{9A19103F-16F7-4668-BE54-9A1E7A4F7556}") = "Basket", "Basket\Basket.csproj", "{FBDF9D4B-553B-4506-988E-B0F4D7077D22}"
EndProject
Project("{9A19103F-16F7-4668-BE54-9A1E7A4F7556}") = "ShoppingBasket", "ShoppingBasket\ShoppingBasket.csproj", "{C53C5741-1138-4965-A3C1-BEDE54AFE26D}"
EndProject
Project("{FAE04EC0-301F-11D3-BF4B-00C04F79EFBC}") = "ShoppingBasketTests", "ShoppingBasketTests\ShoppingBasketTests.csproj", "{CD5E5185-4559-4167-A401-D26ADB8E4CE5}"
EndProject
Global
	GlobalSection(SolutionConfigurationPlatforms) = preSolution
		Debug|Any CPU = Debug|Any CPU
		Release|Any CPU = Release|Any CPU
	EndGlobalSection
	GlobalSection(ProjectConfigurationPlatforms) = postSolution
		{FBDF9D4B-553B-4506-988E-B0F4D7077D22}.Debug|Any CPU.ActiveCfg = Debug|Any CPU
		{FBDF9D4B-553B-4506-988E-B0F4D7077D22}.Debug|Any CPU.Build.0 = Debug|Any CPU
		{FBDF9D4B-553B-4506-988E-B0F4D7077D22}.Release|Any CPU.ActiveCfg = Release|Any CPU
		{FBDF9D4B-553B-4506-988E-B0F4D7077D22}.Release|Any CPU.Build.0 = Release|Any CPU
		{C53C5741-1138-4965-A3C1-BEDE54AFE26D}.Debug|Any CPU.ActiveCfg = Debug|Any CPU
		{C53C5741-1138-4965-A3C1-BEDE54AFE26D}.Debug|Any CPU.Build.0 = Debug|Any CPU
		{C53C5741-1138-4965-A3C1-BEDE54AFE26D}.Release|Any CPU.ActiveCfg = Release|Any CPU
		{C53C5741-1138-4965-A3C1-BEDE54AFE26D}.Release|Any CPU.Build.0 = Release|Any CPU
		{CD5E5185-4559-4167-A401-D26ADB8E4CE5}.Debug|Any CPU.ActiveCfg = Debug|Any CPU
		{CD5E5185-4559-4167-A401-D26ADB8E4CE5}.Debug|Any CPU.Build.0 = Debug|Any CPU
		{CD5E5185-4559-4167-A401-D26ADB8E4CE5}.Release|Any CPU.ActiveCfg = Release|Any CPU
		{CD5E5185-4559-4167-A401-D26ADB8E4CE5}.Release|Any CPU.Build.0 = Release|Any CPU
	EndGlobalSection
	GlobalSection(SolutionProperties) = preSolution
		HideSolutionNode = FALSE
	EndGlobalSection
	GlobalSection(ExtensibilityGlobals) = postSolution
		SolutionGuid = {4CA3E861-5981-4735-8716-9C567FB37F69}
	EndGlobalSection
EndGlobal
